# THIS IS AN AUTOGENERATED FILE. DO NOT EDIT THIS FILE DIRECTLY.
# yarn lockfile v1


leaflet-providers@^1.12.0:
  version "1.12.0"
  resolved "https://registry.npmjs.org/leaflet-providers/-/leaflet-providers-1.12.0.tgz#bf407f580d9564480e2346bc1e6412ef696624cf"
  integrity sha512-pU/mR4B+NbayBGCg5/88dmRq7t1EGiNPhsVGV3yqHuDn594vIwus4CiPVW0RtiKJNKg8Vf1pILAbFl0i+yk+lQ==
